
Microsoft Visual Studio Solution File, Format Version 12.00
# Visual Studio Version 16
VisualStudioVersion = 16.0.33927.289
MinimumVisualStudioVersion = 10.0.40219.1
Project("{2150E333-8FDC-42A3-9474-1A3956D46DE8}") = "TaskReview", "TaskReview", "{9E45FF9E-6E68-4142-B47E-C1345B74C02D}"
EndProject
Project("{FAE04EC0-301F-11D3-BF4B-00C04F79EFBC}") = "Tyuiu.SavenkovaME.Sprint5.TaskReview.V4", "Tyuiu.SavenkovaME.Sprint5.TaskReview.V4\Tyuiu.SavenkovaME.Sprint5.TaskReview.V4.csproj", "{0B0098D1-8096-44DD-B5C2-E494EA57A880}"
EndProject
Project("{FAE04EC0-301F-11D3-BF4B-00C04F79EFBC}") = "Tyuiu.SavenkovaME.Sprint5.TaskReview.V4.Lib", "Tyuiu.SavenkovaME.Sprint5.TaskReview.V4.Lib\Tyuiu.SavenkovaME.Sprint5.TaskReview.V4.Lib.csproj", "{8CD8E287-E366-4891-B5B9-03223BA7329F}"
EndProject
Project("{FAE04EC0-301F-11D3-BF4B-00C04F79EFBC}") = "Tyuiu.SavenkovaME.Sprint5.TaskReview.V4.Test", "Tyuiu.SavenkovaME.Sprint5.TaskReview.V4.Test\Tyuiu.SavenkovaME.Sprint5.TaskReview.V4.Test.csproj", "{DCD6C29F-F76C-4360-A220-EA19B7607DA2}"
EndProject
Global
	GlobalSection(SolutionConfigurationPlatforms) = preSolution
		Debug|Any CPU = Debug|Any CPU
		Release|Any CPU = Release|Any CPU
	EndGlobalSection
	GlobalSection(ProjectConfigurationPlatforms) = postSolution
		{0B0098D1-8096-44DD-B5C2-E494EA57A880}.Debug|Any CPU.ActiveCfg = Debug|Any CPU
		{0B0098D1-8096-44DD-B5C2-E494EA57A880}.Debug|Any CPU.Build.0 = Debug|Any CPU
		{0B0098D1-8096-44DD-B5C2-E494EA57A880}.Release|Any CPU.ActiveCfg = Release|Any CPU
		{0B0098D1-8096-44DD-B5C2-E494EA57A880}.Release|Any CPU.Build.0 = Release|Any CPU
		{8CD8E287-E366-4891-B5B9-03223BA7329F}.Debug|Any CPU.ActiveCfg = Debug|Any CPU
		{8CD8E287-E366-4891-B5B9-03223BA7329F}.Debug|Any CPU.Build.0 = Debug|Any CPU
		{8CD8E287-E366-4891-B5B9-03223BA7329F}.Release|Any CPU.ActiveCfg = Release|Any CPU
		{8CD8E287-E366-4891-B5B9-03223BA7329F}.Release|Any CPU.Build.0 = Release|Any CPU
		{DCD6C29F-F76C-4360-A220-EA19B7607DA2}.Debug|Any CPU.ActiveCfg = Debug|Any CPU
		{DCD6C29F-F76C-4360-A220-EA19B7607DA2}.Debug|Any CPU.Build.0 = Debug|Any CPU
		{DCD6C29F-F76C-4360-A220-EA19B7607DA2}.Release|Any CPU.ActiveCfg = Release|Any CPU
		{DCD6C29F-F76C-4360-A220-EA19B7607DA2}.Release|Any CPU.Build.0 = Release|Any CPU
	EndGlobalSection
	GlobalSection(SolutionProperties) = preSolution
		HideSolutionNode = FALSE
	EndGlobalSection
	GlobalSection(NestedProjects) = preSolution
		{0B0098D1-8096-44DD-B5C2-E494EA57A880} = {9E45FF9E-6E68-4142-B47E-C1345B74C02D}
		{8CD8E287-E366-4891-B5B9-03223BA7329F} = {9E45FF9E-6E68-4142-B47E-C1345B74C02D}
		{DCD6C29F-F76C-4360-A220-EA19B7607DA2} = {9E45FF9E-6E68-4142-B47E-C1345B74C02D}
	EndGlobalSection
	GlobalSection(ExtensibilityGlobals) = postSolution
		SolutionGuid = {282E6D3B-43B7-4923-81A6-3BCF43ED5C59}
	EndGlobalSection
EndGlobal
